
Microsoft Visual Studio Solution File, Format Version 12.00
# Visual Studio Version 17
VisualStudioVersion = 17.5.33424.131
MinimumVisualStudioVersion = 10.0.40219.1
Project("{FAE04EC0-301F-11D3-BF4B-00C04F79EFBC}") = "PruebaTecnica", "PruebaTecnica\PruebaTecnica.csproj", "{68BBBA78-A1DF-4E1E-AF57-44790A6284B5}"
EndProject
Global
	GlobalSection(SolutionConfigurationPlatforms) = preSolution
		Debug|Any CPU = Debug|Any CPU
		Release|Any CPU = Release|Any CPU
	EndGlobalSection
	GlobalSection(ProjectConfigurationPlatforms) = postSolution
		{68BBBA78-A1DF-4E1E-AF57-44790A6284B5}.Debug|Any CPU.ActiveCfg = Debug|Any CPU
		{68BBBA78-A1DF-4E1E-AF57-44790A6284B5}.Debug|Any CPU.Build.0 = Debug|Any CPU
		{68BBBA78-A1DF-4E1E-AF57-44790A6284B5}.Release|Any CPU.ActiveCfg = Release|Any CPU
		{68BBBA78-A1DF-4E1E-AF57-44790A6284B5}.Release|Any CPU.Build.0 = Release|Any CPU
	EndGlobalSection
	GlobalSection(SolutionProperties) = preSolution
		HideSolutionNode = FALSE
	EndGlobalSection
	GlobalSection(ExtensibilityGlobals) = postSolution
		SolutionGuid = {65694AC6-661E-4B15-B195-75551C1556E5}
	EndGlobalSection
EndGlobal
